
Microsoft Visual Studio Solution File, Format Version 12.00
# Visual Studio 2015
Project("{FAE04EC0-301F-11D3-BF4B-00C04F79EFBC}") = "PCII-TankGameClient", "PCII-TankGameClient.csproj", "{AEDC28FC-E6CB-FEC5-08A3-72B913FCA97E}"
EndProject
Global
	GlobalSection(SolutionConfigurationPlatforms) = preSolution
		Debug|Any CPU = Debug|Any CPU
		Release|Any CPU = Release|Any CPU
	EndGlobalSection
	GlobalSection(ProjectConfigurationPlatforms) = postSolution
		{AEDC28FC-E6CB-FEC5-08A3-72B913FCA97E}.Debug|Any CPU.ActiveCfg = Debug|Any CPU
		{AEDC28FC-E6CB-FEC5-08A3-72B913FCA97E}.Debug|Any CPU.Build.0 = Debug|Any CPU
		{AEDC28FC-E6CB-FEC5-08A3-72B913FCA97E}.Release|Any CPU.ActiveCfg = Release|Any CPU
		{AEDC28FC-E6CB-FEC5-08A3-72B913FCA97E}.Release|Any CPU.Build.0 = Release|Any CPU
	EndGlobalSection
	GlobalSection(SolutionProperties) = preSolution
		HideSolutionNode = FALSE
	EndGlobalSection
EndGlobal
